// !$*UTF8*$!
{
	archiveVersion = 1;
	classes = {
	};
	objectVersion = 48;
	objects = {

/* Begin PBXBuildFile section */
		802271622042876F00E4A8DA /* AppDelegate.swift in Sources */ = {isa = PBXBuildFile; fileRef = 802271612042876F00E4A8DA /* AppDelegate.swift */; };
		802271642042876F00E4A8DA /* ViewController.swift in Sources */ = {isa = PBXBuildFile; fileRef = 802271632042876F00E4A8DA /* ViewController.swift */; };
		802271672042876F00E4A8DA /* Main.storyboard in Resources */ = {isa = PBXBuildFile; fileRef = 802271652042876F00E4A8DA /* Main.storyboard */; };
		8022716A2042876F00E4A8DA /* tt.xcdatamodeld in Sources */ = {isa = PBXBuildFile; fileRef = 802271682042876F00E4A8DA /* tt.xcdatamodeld */; };
		8022716C2042876F00E4A8DA /* Assets.xcassets in Resources */ = {isa = PBXBuildFile; fileRef = 8022716B2042876F00E4A8DA /* Assets.xcassets */; };
		8022716F2042876F00E4A8DA /* LaunchScreen.storyboard in Resources */ = {isa = PBXBuildFile; fileRef = 8022716D2042876F00E4A8DA /* LaunchScreen.storyboard */; };
		8022717A2042876F00E4A8DA /* ttTests.swift in Sources */ = {isa = PBXBuildFile; fileRef = 802271792042876F00E4A8DA /* ttTests.swift */; };
		802271852042876F00E4A8DA /* ttUITests.swift in Sources */ = {isa = PBXBuildFile; fileRef = 802271842042876F00E4A8DA /* ttUITests.swift */; };
		802271942043BEE200E4A8DA /* Stack.swift in Sources */ = {isa = PBXBuildFile; fileRef = 802271932043BEE200E4A8DA /* Stack.swift */; };
/* End PBXBuildFile section */

/* Begin PBXContainerItemProxy section */
		802271762042876F00E4A8DA /* PBXContainerItemProxy */ = {
			isa = PBXContainerItemProxy;
			containerPortal = 802271562042876F00E4A8DA /* Project object */;
			proxyType = 1;
			remoteGlobalIDString = 8022715D2042876F00E4A8DA;
			remoteInfo = tt;
		};
		802271812042876F00E4A8DA /* PBXContainerItemProxy */ = {
			isa = PBXContainerItemProxy;
			containerPortal = 802271562042876F00E4A8DA /* Project object */;
			proxyType = 1;
			remoteGlobalIDString = 8022715D2042876F00E4A8DA;
			remoteInfo = tt;
		};
/* End PBXContainerItemProxy section */

/* Begin PBXFileReference section */
		8022715E2042876F00E4A8DA /* tt.app */ = {isa = PBXFileReference; explicitFileType = wrapper.application; includeInIndex = 0; path = tt.app; sourceTree = BUILT_PRODUCTS_DIR; };
		802271612042876F00E4A8DA /* AppDelegate.swift */ = {isa = PBXFileReference; lastKnownFileType = sourcecode.swift; path = AppDelegate.swift; sourceTree = "<group>"; };
		802271632042876F00E4A8DA /* ViewController.swift */ = {isa = PBXFileReference; lastKnownFileType = sourcecode.swift; path = ViewController.swift; sourceTree = "<group>"; };
		802271662042876F00E4A8DA /* Base */ = {isa = PBXFileReference; lastKnownFileType = file.storyboard; name = Base; path = Base.lproj/Main.storyboard; sourceTree = "<group>"; };
		802271692042876F00E4A8DA /* tt.xcdatamodel */ = {isa = PBXFileReference; lastKnownFileType = wrapper.xcdatamodel; path = tt.xcdatamodel; sourceTree = "<group>"; };
		8022716B2042876F00E4A8DA /* Assets.xcassets */ = {isa = PBXFileReference; lastKnownFileType = folder.assetcatalog; path = Assets.xcassets; sourceTree = "<group>"; };
		8022716E2042876F00E4A8DA /* Base */ = {isa = PBXFileReference; lastKnownFileType = file.storyboard; name = Base; path = Base.lproj/LaunchScreen.storyboard; sourceTree = "<group>"; };
		802271702042876F00E4A8DA /* Info.plist */ = {isa = PBXFileReference; lastKnownFileType = text.plist.xml; path = Info.plist; sourceTree = "<group>"; };
		802271752042876F00E4A8DA /* ttTests.xctest */ = {isa = PBXFileReference; explicitFileType = wrapper.cfbundle; includeInIndex = 0; path = ttTests.xctest; sourceTree = BUILT_PRODUCTS_DIR; };
		802271792042876F00E4A8DA /* ttTests.swift */ = {isa = PBXFileReference; lastKnownFileType = sourcecode.swift; path = ttTests.swift; sourceTree = "<group>"; };
		8022717B2042876F00E4A8DA /* Info.plist */ = {isa = PBXFileReference; lastKnownFileType = text.plist.xml; path = Info.plist; sourceTree = "<group>"; };
		802271802042876F00E4A8DA /* ttUITests.xctest */ = {isa = PBXFileReference; explicitFileType = wrapper.cfbundle; includeInIndex = 0; path = ttUITests.xctest; sourceTree = BUILT_PRODUCTS_DIR; };
		802271842042876F00E4A8DA /* ttUITests.swift */ = {isa = PBXFileReference; lastKnownFileType = sourcecode.swift; path = ttUITests.swift; sourceTree = "<group>"; };
		802271862042876F00E4A8DA /* Info.plist */ = {isa = PBXFileReference; lastKnownFileType = text.plist.xml; path = Info.plist; sourceTree = "<group>"; };
		802271932043BEE200E4A8DA /* Stack.swift */ = {isa = PBXFileReference; lastKnownFileType = sourcecode.swift; path = Stack.swift; sourceTree = "<group>"; };
/* End PBXFileReference section */

/* Begin PBXFrameworksBuildPhase section */
		8022715B2042876F00E4A8DA /* Frameworks */ = {
			isa = PBXFrameworksBuildPhase;
			buildActionMask = 2147483647;
			files = (
			);
			runOnlyForDeploymentPostprocessing = 0;
		};
		802271722042876F00E4A8DA /* Frameworks */ = {
			isa = PBXFrameworksBuildPhase;
			buildActionMask = 2147483647;
			files = (
			);
			runOnlyForDeploymentPostprocessing = 0;
		};
		8022717D2042876F00E4A8DA /* Frameworks */ = {
			isa = PBXFrameworksBuildPhase;
			buildActionMask = 2147483647;
			files = (
			);
			runOnlyForDeploymentPostprocessing = 0;
		};
/* End PBXFrameworksBuildPhase section */

/* Begin PBXGroup section */
		802271552042876F00E4A8DA = {
			isa = PBXGroup;
			children = (
				802271602042876F00E4A8DA /* tt */,
				802271782042876F00E4A8DA /* ttTests */,
				802271832042876F00E4A8DA /* ttUITests */,
				8022715F2042876F00E4A8DA /* Products */,
			);
			sourceTree = "<group>";
		};
		8022715F2042876F00E4A8DA /* Products */ = {
			isa = PBXGroup;
			children = (
				8022715E2042876F00E4A8DA /* tt.app */,
				802271752042876F00E4A8DA /* ttTests.xctest */,
				802271802042876F00E4A8DA /* ttUITests.xctest */,
			);
			name = Products;
			sourceTree = "<group>";
		};
		802271602042876F00E4A8DA /* tt */ = {
			isa = PBXGroup;
			children = (
				802271612042876F00E4A8DA /* AppDelegate.swift */,
				802271632042876F00E4A8DA /* ViewController.swift */,
				802271932043BEE200E4A8DA /* Stack.swift */,
				802271922043BECF00E4A8DA /* others */,
				802271702042876F00E4A8DA /* Info.plist */,
			);
			path = tt;
			sourceTree = "<group>";
		};
		802271782042876F00E4A8DA /* ttTests */ = {
			isa = PBXGroup;
			children = (
				802271792042876F00E4A8DA /* ttTests.swift */,
				8022717B2042876F00E4A8DA /* Info.plist */,
			);
			path = ttTests;
			sourceTree = "<group>";
		};
		802271832042876F00E4A8DA /* ttUITests */ = {
			isa = PBXGroup;
			children = (
				802271842042876F00E4A8DA /* ttUITests.swift */,
				802271862042876F00E4A8DA /* Info.plist */,
			);
			path = ttUITests;
			sourceTree = "<group>";
		};
		802271922043BECF00E4A8DA /* others */ = {
			isa = PBXGroup;
			children = (
				802271652042876F00E4A8DA /* Main.storyboard */,
				8022716B2042876F00E4A8DA /* Assets.xcassets */,
				802271682042876F00E4A8DA /* tt.xcdatamodeld */,
				8022716D2042876F00E4A8DA /* LaunchScreen.storyboard */,
			);
			path = others;
			sourceTree = "<group>";
		};
/* End PBXGroup section */

/* Begin PBXNativeTarget section */
		8022715D2042876F00E4A8DA /* tt */ = {
			isa = PBXNativeTarget;
			buildConfigurationList = 802271892042876F00E4A8DA /* Build configuration list for PBXNativeTarget "tt" */;
			buildPhases = (
				8022715A2042876F00E4A8DA /* Sources */,
				8022715B2042876F00E4A8DA /* Frameworks */,
				8022715C2042876F00E4A8DA /* Resources */,
			);
			buildRules = (
			);
			dependencies = (
			);
			name = tt;
			productName = tt;
			productReference = 8022715E2042876F00E4A8DA /* tt.app */;
			productType = "com.apple.product-type.application";
		};
		802271742042876F00E4A8DA /* ttTests */ = {
			isa = PBXNativeTarget;
			buildConfigurationList = 8022718C2042876F00E4A8DA /* Build configuration list for PBXNativeTarget "ttTests" */;
			buildPhases = (
				802271712042876F00E4A8DA /* Sources */,
				802271722042876F00E4A8DA /* Frameworks */,
				802271732042876F00E4A8DA /* Resources */,
			);
			buildRules = (
			);
			dependencies = (
				802271772042876F00E4A8DA /* PBXTargetDependency */,
			);
			name = ttTests;
			productName = ttTests;
			productReference = 802271752042876F00E4A8DA /* ttTests.xctest */;
			productType = "com.apple.product-type.bundle.unit-test";
		};
		8022717F2042876F00E4A8DA /* ttUITests */ = {
			isa = PBXNativeTarget;
			buildConfigurationList = 8022718F2042876F00E4A8DA /* Build configuration list for PBXNativeTarget "ttUITests" */;
			buildPhases = (
				8022717C2042876F00E4A8DA /* Sources */,
				8022717D2042876F00E4A8DA /* Frameworks */,
				8022717E2042876F00E4A8DA /* Resources */,
			);
			buildRules = (
			);
			dependencies = (
				802271822042876F00E4A8DA /* PBXTargetDependency */,
			);
			name = ttUITests;
			productName = ttUITests;
			productReference = 802271802042876F00E4A8DA /* ttUITests.xctest */;
			productType = "com.apple.product-type.bundle.ui-testing";
		};
/* End PBXNativeTarget section */

/* Begin PBXProject section */
		802271562042876F00E4A8DA /* Project object */ = {
			isa = PBXProject;
			attributes = {
				LastSwiftUpdateCheck = 0920;
				LastUpgradeCheck = 0920;
				ORGANIZATIONNAME = "Ashis Laha";
				TargetAttributes = {
					8022715D2042876F00E4A8DA = {
						CreatedOnToolsVersion = 9.2;
						ProvisioningStyle = Automatic;
					};
					802271742042876F00E4A8DA = {
						CreatedOnToolsVersion = 9.2;
						ProvisioningStyle = Automatic;
						TestTargetID = 8022715D2042876F00E4A8DA;
					};
					8022717F2042876F00E4A8DA = {
						CreatedOnToolsVersion = 9.2;
						ProvisioningStyle = Automatic;
						TestTargetID = 8022715D2042876F00E4A8DA;
					};
				};
			};
			buildConfigurationList = 802271592042876F00E4A8DA /* Build configuration list for PBXProject "tt" */;
			compatibilityVersion = "Xcode 8.0";
			developmentRegion = en;
			hasScannedForEncodings = 0;
			knownRegions = (
				en,
				Base,
			);
			mainGroup = 802271552042876F00E4A8DA;
			productRefGroup = 8022715F2042876F00E4A8DA /* Products */;
			projectDirPath = "";
			projectRoot = "";
			targets = (
				8022715D2042876F00E4A8DA /* tt */,
				802271742042876F00E4A8DA /* ttTests */,
				8022717F2042876F00E4A8DA /* ttUITests */,
			);
		};
/* End PBXProject section */

/* Begin PBXResourcesBuildPhase section */
		8022715C2042876F00E4A8DA /* Resources */ = {
			isa = PBXResourcesBuildPhase;
			buildActionMask = 2147483647;
			files = (
				8022716F2042876F00E4A8DA /* LaunchScreen.storyboard in Resources */,
				8022716C2042876F00E4A8DA /* Assets.xcassets in Resources */,
				802271672042876F00E4A8DA /* Main.storyboard in Resources */,
			);
			runOnlyForDeploymentPostprocessing = 0;
		};
		802271732042876F00E4A8DA /* Resources */ = {
			isa = PBXResourcesBuildPhase;
			buildActionMask = 2147483647;
			files = (
			);
			runOnlyForDeploymentPostprocessing = 0;
		};
		8022717E2042876F00E4A8DA /* Resources */ = {
			isa = PBXResourcesBuildPhase;
			buildActionMask = 2147483647;
			files = (
			);
			runOnlyForDeploymentPostprocessing = 0;
		};
/* End PBXResourcesBuildPhase section */

/* Begin PBXSourcesBuildPhase section */
		8022715A2042876F00E4A8DA /* Sources */ = {
			isa = PBXSourcesBuildPhase;
			buildActionMask = 2147483647;
			files = (
				802271942043BEE200E4A8DA /* Stack.swift in Sources */,
				8022716A2042876F00E4A8DA /* tt.xcdatamodeld in Sources */,
				802271642042876F00E4A8DA /* ViewController.swift in Sources */,
				802271622042876F00E4A8DA /* AppDelegate.swift in Sources */,
			);
			runOnlyForDeploymentPostprocessing = 0;
		};
		802271712042876F00E4A8DA /* Sources */ = {
			isa = PBXSourcesBuildPhase;
			buildActionMask = 2147483647;
			files = (
				8022717A2042876F00E4A8DA /* ttTests.swift in Sources */,
			);
			runOnlyForDeploymentPostprocessing = 0;
		};
		8022717C2042876F00E4A8DA /* Sources */ = {
			isa = PBXSourcesBuildPhase;
			buildActionMask = 2147483647;
			files = (
				802271852042876F00E4A8DA /* ttUITests.swift in Sources */,
			);
			runOnlyForDeploymentPostprocessing = 0;
		};
/* End PBXSourcesBuildPhase section */

/* Begin PBXTargetDependency section */
		802271772042876F00E4A8DA /* PBXTargetDependency */ = {
			isa = PBXTargetDependency;
			target = 8022715D2042876F00E4A8DA /* tt */;
			targetProxy = 802271762042876F00E4A8DA /* PBXContainerItemProxy */;
		};
		802271822042876F00E4A8DA /* PBXTargetDependency */ = {
			isa = PBXTargetDependency;
			target = 8022715D2042876F00E4A8DA /* tt */;
			targetProxy = 802271812042876F00E4A8DA /* PBXContainerItemProxy */;
		};
/* End PBXTargetDependency section */

/* Begin PBXVariantGroup section */
		802271652042876F00E4A8DA /* Main.storyboard */ = {
			isa = PBXVariantGroup;
			children = (
				802271662042876F00E4A8DA /* Base */,
			);
			name = Main.storyboard;
			sourceTree = "<group>";
		};
		8022716D2042876F00E4A8DA /* LaunchScreen.storyboard */ = {
			isa = PBXVariantGroup;
			children = (
				8022716E2042876F00E4A8DA /* Base */,
			);
			name = LaunchScreen.storyboard;
			sourceTree = "<group>";
		};
/* End PBXVariantGroup section */

/* Begin XCBuildConfiguration section */
		802271872042876F00E4A8DA /* Debug */ = {
			isa = XCBuildConfiguration;
			buildSettings = {
				ALWAYS_SEARCH_USER_PATHS = NO;
				CLANG_ANALYZER_NONNULL = YES;
				CLANG_ANALYZER_NUMBER_OBJECT_CONVERSION = YES_AGGRESSIVE;
				CLANG_CXX_LANGUAGE_STANDARD = "gnu++14";
				CLANG_CXX_LIBRARY = "libc++";
				CLANG_ENABLE_MODULES = YES;
				CLANG_ENABLE_OBJC_ARC = YES;
				CLANG_WARN_BLOCK_CAPTURE_AUTORELEASING = YES;
				CLANG_WARN_BOOL_CONVERSION = YES;
				CLANG_WARN_COMMA = YES;
				CLANG_WARN_CONSTANT_CONVERSION = YES;
				CLANG_WARN_DIRECT_OBJC_ISA_USAGE = YES_ERROR;
				CLANG_WARN_DOCUMENTATION_COMMENTS = YES;
				CLANG_WARN_EMPTY_BODY = YES;
				CLANG_WARN_ENUM_CONVERSION = YES;
				CLANG_WARN_INFINITE_RECURSION = YES;
				CLANG_WARN_INT_CONVERSION = YES;
				CLANG_WARN_NON_LITERAL_NULL_CONVERSION = YES;
				CLANG_WARN_OBJC_LITERAL_CONVERSION = YES;
				CLANG_WARN_OBJC_ROOT_CLASS = YES_ERROR;
				CLANG_WARN_RANGE_LOOP_ANALYSIS = YES;
				CLANG_WARN_STRICT_PROTOTYPES = YES;
				CLANG_WARN_SUSPICIOUS_MOVE = YES;
				CLANG_WARN_UNGUARDED_AVAILABILITY = YES_AGGRESSIVE;
				CLANG_WARN_UNREACHABLE_CODE = YES;
				CLANG_WARN__DUPLICATE_METHOD_MATCH = YES;
				CODE_SIGN_IDENTITY = "iPhone Developer";
				COPY_PHASE_STRIP = NO;
				DEBUG_INFORMATION_FORMAT = dwarf;
				ENABLE_STRICT_OBJC_MSGSEND = YES;
				ENABLE_TESTABILITY = YES;
				GCC_C_LANGUAGE_STANDARD = gnu11;
				GCC_DYNAMIC_NO_PIC = NO;
				GCC_NO_COMMON_BLOCKS = YES;
				GCC_OPTIMIZATION_LEVEL = 0;
				GCC_PREPROCESSOR_DEFINITIONS = (
					"DEBUG=1",
					"$(inherited)",
				);
				GCC_WARN_64_TO_32_BIT_CONVERSION = YES;
				GCC_WARN_ABOUT_RETURN_TYPE = YES_ERROR;
				GCC_WARN_UNDECLARED_SELECTOR = YES;
				GCC_WARN_UNINITIALIZED_AUTOS = YES_AGGRESSIVE;
				GCC_WARN_UNUSED_FUNCTION = YES;
				GCC_WARN_UNUSED_VARIABLE = YES;
				IPHONEOS_DEPLOYMENT_TARGET = 11.2;
				MTL_ENABLE_DEBUG_INFO = YES;
				ONLY_ACTIVE_ARCH = YES;
				SDKROOT = iphoneos;
				SWIFT_ACTIVE_COMPILATION_CONDITIONS = DEBUG;
				SWIFT_OPTIMIZATION_LEVEL = "-Onone";
			};
			name = Debug;
		};
		802271882042876F00E4A8DA /* Release */ = {
			isa = XCBuildConfiguration;
			buildSettings = {
				ALWAYS_SEARCH_USER_PATHS = NO;
				CLANG_ANALYZER_NONNULL = YES;
				CLANG_ANALYZER_NUMBER_OBJECT_CONVERSION = YES_AGGRESSIVE;
				CLANG_CXX_LANGUAGE_STANDARD = "gnu++14";
				CLANG_CXX_LIBRARY = "libc++";
				CLANG_ENABLE_MODULES = YES;
				CLANG_ENABLE_OBJC_ARC = YES;
				CLANG_WARN_BLOCK_CAPTURE_AUTORELEASING = YES;
				CLANG_WARN_BOOL_CONVERSION = YES;
				CLANG_WARN_COMMA = YES;
				CLANG_WARN_CONSTANT_CONVERSION = YES;
				CLANG_WARN_DIRECT_OBJC_ISA_USAGE = YES_ERROR;
				CLANG_WARN_DOCUMENTATION_COMMENTS = YES;
				CLANG_WARN_EMPTY_BODY = YES;
				CLANG_WARN_ENUM_CONVERSION = YES;
				CLANG_WARN_INFINITE_RECURSION = YES;
				CLANG_WARN_INT_CONVERSION = YES;
				CLANG_WARN_NON_LITERAL_NULL_CONVERSION = YES;
				CLANG_WARN_OBJC_LITERAL_CONVERSION = YES;
				CLANG_WARN_OBJC_ROOT_CLASS = YES_ERROR;
				CLANG_WARN_RANGE_LOOP_ANALYSIS = YES;
				CLANG_WARN_STRICT_PROTOTYPES = YES;
				CLANG_WARN_SUSPICIOUS_MOVE = YES;
				CLANG_WARN_UNGUARDED_AVAILABILITY = YES_AGGRESSIVE;
				CLANG_WARN_UNREACHABLE_CODE = YES;
				CLANG_WARN__DUPLICATE_METHOD_MATCH = YES;
				CODE_SIGN_IDENTITY = "iPhone Developer";
				COPY_PHASE_STRIP = NO;
				DEBUG_INFORMATION_FORMAT = "dwarf-with-dsym";
				ENABLE_NS_ASSERTIONS = NO;
				ENABLE_STRICT_OBJC_MSGSEND = YES;
				GCC_C_LANGUAGE_STANDARD = gnu11;
				GCC_NO_COMMON_BLOCKS = YES;
				GCC_WARN_64_TO_32_BIT_CONVERSION = YES;
				GCC_WARN_ABOUT_RETURN_TYPE = YES_ERROR;
				GCC_WARN_UNDECLARED_SELECTOR = YES;
				GCC_WARN_UNINITIALIZED_AUTOS = YES_AGGRESSIVE;
				GCC_WARN_UNUSED_FUNCTION = YES;
				GCC_WARN_UNUSED_VARIABLE = YES;
				IPHONEOS_DEPLOYMENT_TARGET = 11.2;
				MTL_ENABLE_DEBUG_INFO = NO;
				SDKROOT = iphoneos;
				SWIFT_OPTIMIZATION_LEVEL = "-Owholemodule";
				VALIDATE_PRODUCT = YES;
			};
			name = Release;
		};
		8022718A2042876F00E4A8DA /* Debug */ = {
			isa = XCBuildConfiguration;
			buildSettings = {
				ASSETCATALOG_COMPILER_APPICON_NAME = AppIcon;
				CODE_SIGN_STYLE = Automatic;
				DEVELOPMENT_TEAM = 87F557PJ6U;
				INFOPLIST_FILE = tt/Info.plist;
				LD_RUNPATH_SEARCH_PATHS = "$(inherited) @executable_path/Frameworks";
				PRODUCT_BUNDLE_IDENTIFIER = com.ashislaha.tt;
				PRODUCT_NAME = "$(TARGET_NAME)";
				SWIFT_VERSION = 4.0;
				TARGETED_DEVICE_FAMILY = "1,2";
			};
			name = Debug;
		};
		8022718B2042876F00E4A8DA /* Release */ = {
			isa = XCBuildConfiguration;
			buildSettings = {
				ASSETCATALOG_COMPILER_APPICON_NAME = AppIcon;
				CODE_SIGN_STYLE = Automatic;
				DEVELOPMENT_TEAM = 87F557PJ6U;
				INFOPLIST_FILE = tt/Info.plist;
				LD_RUNPATH_SEARCH_PATHS = "$(inherited) @executable_path/Frameworks";
				PRODUCT_BUNDLE_IDENTIFIER = com.ashislaha.tt;
				PRODUCT_NAME = "$(TARGET_NAME)";
				SWIFT_VERSION = 4.0;
				TARGETED_DEVICE_FAMILY = "1,2";
			};
			name = Release;
		};
		8022718D2042876F00E4A8DA /* Debug */ = {
			isa = XCBuildConfiguration;
			buildSettings = {
				ALWAYS_EMBED_SWIFT_STANDARD_LIBRARIES = YES;
				BUNDLE_LOADER = "$(TEST_HOST)";
				CODE_SIGN_STYLE = Automatic;
				DEVELOPMENT_TEAM = 87F557PJ6U;
				INFOPLIST_FILE = ttTests/Info.plist;
				LD_RUNPATH_SEARCH_PATHS = "$(inherited) @executable_path/Frameworks @loader_path/Frameworks";
				PRODUCT_BUNDLE_IDENTIFIER = com.ashislaha.ttTests;
				PRODUCT_NAME = "$(TARGET_NAME)";
				SWIFT_VERSION = 4.0;
				TARGETED_DEVICE_FAMILY = "1,2";
				TEST_HOST = "$(BUILT_PRODUCTS_DIR)/tt.app/tt";
			};
			name = Debug;
		};
		8022718E2042876F00E4A8DA /* Release */ = {
			isa = XCBuildConfiguration;
			buildSettings = {
				ALWAYS_EMBED_SWIFT_STANDARD_LIBRARIES = YES;
				BUNDLE_LOADER = "$(TEST_HOST)";
				CODE_SIGN_STYLE = Automatic;
				DEVELOPMENT_TEAM = 87F557PJ6U;
				INFOPLIST_FILE = ttTests/Info.plist;
				LD_RUNPATH_SEARCH_PATHS = "$(inherited) @executable_path/Frameworks @loader_path/Frameworks";
				PRODUCT_BUNDLE_IDENTIFIER = com.ashislaha.ttTests;
				PRODUCT_NAME = "$(TARGET_NAME)";
				SWIFT_VERSION = 4.0;
				TARGETED_DEVICE_FAMILY = "1,2";
				TEST_HOST = "$(BUILT_PRODUCTS_DIR)/tt.app/tt";
			};
			name = Release;
		};
		802271902042876F00E4A8DA /* Debug */ = {
			isa = XCBuildConfiguration;
			buildSettings = {
				ALWAYS_EMBED_SWIFT_STANDARD_LIBRARIES = YES;
				CODE_SIGN_STYLE = Automatic;
				DEVELOPMENT_TEAM = 87F557PJ6U;
				INFOPLIST_FILE = ttUITests/Info.plist;
				LD_RUNPATH_SEARCH_PATHS = "$(inherited) @executable_path/Frameworks @loader_path/Frameworks";
				PRODUCT_BUNDLE_IDENTIFIER = com.ashislaha.ttUITests;
				PRODUCT_NAME = "$(TARGET_NAME)";
				SWIFT_VERSION = 4.0;
				TARGETED_DEVICE_FAMILY = "1,2";
				TEST_TARGET_NAME = tt;
			};
			name = Debug;
		};
		802271912042876F00E4A8DA /* Release */ = {
			isa = XCBuildConfiguration;
			buildSettings = {
				ALWAYS_EMBED_SWIFT_STANDARD_LIBRARIES = YES;
				CODE_SIGN_STYLE = Automatic;
				DEVELOPMENT_TEAM = 87F557PJ6U;
				INFOPLIST_FILE = ttUITests/Info.plist;
				LD_RUNPATH_SEARCH_PATHS = "$(inherited) @executable_path/Frameworks @loader_path/Frameworks";
				PRODUCT_BUNDLE_IDENTIFIER = com.ashislaha.ttUITests;
				PRODUCT_NAME = "$(TARGET_NAME)";
				SWIFT_VERSION = 4.0;
				TARGETED_DEVICE_FAMILY = "1,2";
				TEST_TARGET_NAME = tt;
			};
			name = Release;
		};
/* End XCBuildConfiguration section */

/* Begin XCConfigurationList section */
		802271592042876F00E4A8DA /* Build configuration list for PBXProject "tt" */ = {
			isa = XCConfigurationList;
			buildConfigurations = (
				802271872042876F00E4A8DA /* Debug */,
				802271882042876F00E4A8DA /* Release */,
			);
			defaultConfigurationIsVisible = 0;
			defaultConfigurationName = Release;
		};
		802271892042876F00E4A8DA /* Build configuration list for PBXNativeTarget "tt" */ = {
			isa = XCConfigurationList;
			buildConfigurations = (
				8022718A2042876F00E4A8DA /* Debug */,
				8022718B2042876F00E4A8DA /* Release */,
			);
			defaultConfigurationIsVisible = 0;
			defaultConfigurationName = Release;
		};
		8022718C2042876F00E4A8DA /* Build configuration list for PBXNativeTarget "ttTests" */ = {
			isa = XCConfigurationList;
			buildConfigurations = (
				8022718D2042876F00E4A8DA /* Debug */,
				8022718E2042876F00E4A8DA /* Release */,
			);
			defaultConfigurationIsVisible = 0;
			defaultConfigurationName = Release;
		};
		8022718F2042876F00E4A8DA /* Build configuration list for PBXNativeTarget "ttUITests" */ = {
			isa = XCConfigurationList;
			buildConfigurations = (
				802271902042876F00E4A8DA /* Debug */,
				802271912042876F00E4A8DA /* Release */,
			);
			defaultConfigurationIsVisible = 0;
			defaultConfigurationName = Release;
		};
/* End XCConfigurationList section */

/* Begin XCVersionGroup section */
		802271682042876F00E4A8DA /* tt.xcdatamodeld */ = {
			isa = XCVersionGroup;
			children = (
				802271692042876F00E4A8DA /* tt.xcdatamodel */,
			);
			currentVersion = 802271692042876F00E4A8DA /* tt.xcdatamodel */;
			path = tt.xcdatamodeld;
			sourceTree = "<group>";
			versionGroupType = wrapper.xcdatamodel;
		};
/* End XCVersionGroup section */
	};
	rootObject = 802271562042876F00E4A8DA /* Project object */;
}
